
Microsoft Visual Studio Solution File, Format Version 12.00
# Visual Studio Version 16
VisualStudioVersion = 16.0.31112.23
MinimumVisualStudioVersion = 10.0.40219.1
Project("{FAE04EC0-301F-11D3-BF4B-00C04F79EFBC}") = "Assembly-CSharp", "Assembly-CSharp.csproj", "{B8A144AB-E1E5-2C0D-AFA5-536C36E7E7DA}"
EndProject
Project("{FAE04EC0-301F-11D3-BF4B-00C04F79EFBC}") = "PandaBehaviour", "PandaBehaviour.csproj", "{6834B388-64D4-663F-D50B-35AB5E2BAFD0}"
EndProject
Project("{FAE04EC0-301F-11D3-BF4B-00C04F79EFBC}") = "PandaBehaviourEditor", "PandaBehaviourEditor.csproj", "{DA17C15B-9F77-10E0-8AFF-0934308A6B6E}"
EndProject
Global
	GlobalSection(SolutionConfigurationPlatforms) = preSolution
		Debug|Any CPU = Debug|Any CPU
		Release|Any CPU = Release|Any CPU
	EndGlobalSection
	GlobalSection(ProjectConfigurationPlatforms) = postSolution
		{B8A144AB-E1E5-2C0D-AFA5-536C36E7E7DA}.Debug|Any CPU.ActiveCfg = Debug|Any CPU
		{B8A144AB-E1E5-2C0D-AFA5-536C36E7E7DA}.Debug|Any CPU.Build.0 = Debug|Any CPU
		{B8A144AB-E1E5-2C0D-AFA5-536C36E7E7DA}.Release|Any CPU.ActiveCfg = Release|Any CPU
		{B8A144AB-E1E5-2C0D-AFA5-536C36E7E7DA}.Release|Any CPU.Build.0 = Release|Any CPU
		{6834B388-64D4-663F-D50B-35AB5E2BAFD0}.Debug|Any CPU.ActiveCfg = Debug|Any CPU
		{6834B388-64D4-663F-D50B-35AB5E2BAFD0}.Debug|Any CPU.Build.0 = Debug|Any CPU
		{6834B388-64D4-663F-D50B-35AB5E2BAFD0}.Release|Any CPU.ActiveCfg = Release|Any CPU
		{6834B388-64D4-663F-D50B-35AB5E2BAFD0}.Release|Any CPU.Build.0 = Release|Any CPU
		{DA17C15B-9F77-10E0-8AFF-0934308A6B6E}.Debug|Any CPU.ActiveCfg = Debug|Any CPU
		{DA17C15B-9F77-10E0-8AFF-0934308A6B6E}.Debug|Any CPU.Build.0 = Debug|Any CPU
		{DA17C15B-9F77-10E0-8AFF-0934308A6B6E}.Release|Any CPU.ActiveCfg = Release|Any CPU
		{DA17C15B-9F77-10E0-8AFF-0934308A6B6E}.Release|Any CPU.Build.0 = Release|Any CPU
	EndGlobalSection
	GlobalSection(SolutionProperties) = preSolution
		HideSolutionNode = FALSE
	EndGlobalSection
	GlobalSection(ExtensibilityGlobals) = postSolution
		SolutionGuid = {F63FEBF4-8B98-4A97-A156-5277640B7458}
	EndGlobalSection
EndGlobal
